
Microsoft Visual Studio Solution File, Format Version 12.00
# Visual Studio Version 17
VisualStudioVersion = 17.14.37628.2 d17.14
MinimumVisualStudioVersion = 10.0.40219.1
Project("{FAE04EC0-301F-11D3-BF4B-00C04F79EFBC}") = "ISIP324_KirshinaNelly", "ISIP324_KirshinaNelly\ISIP324_KirshinaNelly.csproj", "{2E2403A5-D6C5-4F31-B548-EA32F1D0A9F3}"
EndProject
Global
	GlobalSection(SolutionConfigurationPlatforms) = preSolution
		Debug|Any CPU = Debug|Any CPU
		Release|Any CPU = Release|Any CPU
	EndGlobalSection
	GlobalSection(ProjectConfigurationPlatforms) = postSolution
		{2E2403A5-D6C5-4F31-B548-EA32F1D0A9F3}.Debug|Any CPU.ActiveCfg = Debug|Any CPU
		{2E2403A5-D6C5-4F31-B548-EA32F1D0A9F3}.Debug|Any CPU.Build.0 = Debug|Any CPU
		{2E2403A5-D6C5-4F31-B548-EA32F1D0A9F3}.Release|Any CPU.ActiveCfg = Release|Any CPU
		{2E2403A5-D6C5-4F31-B548-EA32F1D0A9F3}.Release|Any CPU.Build.0 = Release|Any CPU
	EndGlobalSection
	GlobalSection(SolutionProperties) = preSolution
		HideSolutionNode = FALSE
	EndGlobalSection
	GlobalSection(ExtensibilityGlobals) = postSolution
		SolutionGuid = {1C195D30-8F71-424E-988C-E8D215034B9A}
	EndGlobalSection
EndGlobal
